// !$*UTF8*$!
{
	archiveVersion = 1;
	classes = {
	};
	objectVersion = 50;
	objects = {

/* Begin PBXBuildFile section */
		FE10CAE121D2BB9600F039DB /* AppDelegate.swift in Sources */ = {isa = PBXBuildFile; fileRef = FE10CAE021D2BB9600F039DB /* AppDelegate.swift */; };
		FE10CAE821D2BB9700F039DB /* Assets.xcassets in Resources */ = {isa = PBXBuildFile; fileRef = FE10CAE721D2BB9700F039DB /* Assets.xcassets */; };
		FE10CAEB21D2BB9700F039DB /* LaunchScreen.storyboard in Resources */ = {isa = PBXBuildFile; fileRef = FE10CAE921D2BB9700F039DB /* LaunchScreen.storyboard */; };
		FE10CAF321D2BBD800F039DB /* WhatsappWebViewController.swift in Sources */ = {isa = PBXBuildFile; fileRef = FE10CAF221D2BBD700F039DB /* WhatsappWebViewController.swift */; };
		FE10CAF721D2BC5C00F039DB /* Constants.swift in Sources */ = {isa = PBXBuildFile; fileRef = FE10CAF621D2BC5C00F039DB /* Constants.swift */; };
/* End PBXBuildFile section */

/* Begin PBXFileReference section */
		FE10CADD21D2BB9600F039DB /* Whosapp.app */ = {isa = PBXFileReference; explicitFileType = wrapper.application; includeInIndex = 0; path = Whosapp.app; sourceTree = BUILT_PRODUCTS_DIR; };
		FE10CAE021D2BB9600F039DB /* AppDelegate.swift */ = {isa = PBXFileReference; lastKnownFileType = sourcecode.swift; path = AppDelegate.swift; sourceTree = "<group>"; };
		FE10CAE721D2BB9700F039DB /* Assets.xcassets */ = {isa = PBXFileReference; lastKnownFileType = folder.assetcatalog; path = Assets.xcassets; sourceTree = "<group>"; };
		FE10CAEA21D2BB9700F039DB /* Base */ = {isa = PBXFileReference; lastKnownFileType = file.storyboard; name = Base; path = Base.lproj/LaunchScreen.storyboard; sourceTree = "<group>"; };
		FE10CAEC21D2BB9700F039DB /* Info.plist */ = {isa = PBXFileReference; lastKnownFileType = text.plist.xml; path = Info.plist; sourceTree = "<group>"; };
		FE10CAF221D2BBD700F039DB /* WhatsappWebViewController.swift */ = {isa = PBXFileReference; lastKnownFileType = sourcecode.swift; path = WhatsappWebViewController.swift; sourceTree = "<group>"; };
		FE10CAF621D2BC5C00F039DB /* Constants.swift */ = {isa = PBXFileReference; lastKnownFileType = sourcecode.swift; path = Constants.swift; sourceTree = "<group>"; };
/* End PBXFileReference section */

/* Begin PBXFrameworksBuildPhase section */
		FE10CADA21D2BB9600F039DB /* Frameworks */ = {
			isa = PBXFrameworksBuildPhase;
			buildActionMask = 2147483647;
			files = (
			);
			runOnlyForDeploymentPostprocessing = 0;
		};
/* End PBXFrameworksBuildPhase section */

/* Begin PBXGroup section */
		FE10CAD421D2BB9600F039DB = {
			isa = PBXGroup;
			children = (
				FE10CADF21D2BB9600F039DB /* Whosapp */,
				FE10CADE21D2BB9600F039DB /* Products */,
			);
			sourceTree = "<group>";
		};
		FE10CADE21D2BB9600F039DB /* Products */ = {
			isa = PBXGroup;
			children = (
				FE10CADD21D2BB9600F039DB /* Whosapp.app */,
			);
			name = Products;
			sourceTree = "<group>";
		};
		FE10CADF21D2BB9600F039DB /* Whosapp */ = {
			isa = PBXGroup;
			children = (
				FE10CAF521D2BC5300F039DB /* Constants */,
				FE10CAF421D2BBDE00F039DB /* Controllers */,
				FE10CAE021D2BB9600F039DB /* AppDelegate.swift */,
				FE10CAE721D2BB9700F039DB /* Assets.xcassets */,
				FE10CAE921D2BB9700F039DB /* LaunchScreen.storyboard */,
				FE10CAEC21D2BB9700F039DB /* Info.plist */,
			);
			path = Whosapp;
			sourceTree = "<group>";
		};
		FE10CAF421D2BBDE00F039DB /* Controllers */ = {
			isa = PBXGroup;
			children = (
				FE10CAF221D2BBD700F039DB /* WhatsappWebViewController.swift */,
			);
			path = Controllers;
			sourceTree = "<group>";
		};
		FE10CAF521D2BC5300F039DB /* Constants */ = {
			isa = PBXGroup;
			children = (
				FE10CAF621D2BC5C00F039DB /* Constants.swift */,
			);
			path = Constants;
			sourceTree = "<group>";
		};
/* End PBXGroup section */

/* Begin PBXNativeTarget section */
		FE10CADC21D2BB9600F039DB /* Whosapp */ = {
			isa = PBXNativeTarget;
			buildConfigurationList = FE10CAEF21D2BB9700F039DB /* Build configuration list for PBXNativeTarget "Whosapp" */;
			buildPhases = (
				FE10CAD921D2BB9600F039DB /* Sources */,
				FE10CADA21D2BB9600F039DB /* Frameworks */,
				FE10CADB21D2BB9600F039DB /* Resources */,
			);
			buildRules = (
			);
			dependencies = (
			);
			name = Whosapp;
			productName = Whosapp;
			productReference = FE10CADD21D2BB9600F039DB /* Whosapp.app */;
			productType = "com.apple.product-type.application";
		};
/* End PBXNativeTarget section */

/* Begin PBXProject section */
		FE10CAD521D2BB9600F039DB /* Project object */ = {
			isa = PBXProject;
			attributes = {
				LastSwiftUpdateCheck = 1010;
				LastUpgradeCheck = 1010;
				ORGANIZATIONNAME = alexfigueroa;
				TargetAttributes = {
					FE10CADC21D2BB9600F039DB = {
						CreatedOnToolsVersion = 10.1;
					};
				};
			};
			buildConfigurationList = FE10CAD821D2BB9600F039DB /* Build configuration list for PBXProject "Whosapp" */;
			compatibilityVersion = "Xcode 9.3";
			developmentRegion = en;
			hasScannedForEncodings = 0;
			knownRegions = (
				en,
				Base,
			);
			mainGroup = FE10CAD421D2BB9600F039DB;
			productRefGroup = FE10CADE21D2BB9600F039DB /* Products */;
			projectDirPath = "";
			projectRoot = "";
			targets = (
				FE10CADC21D2BB9600F039DB /* Whosapp */,
			);
		};
/* End PBXProject section */

/* Begin PBXResourcesBuildPhase section */
		FE10CADB21D2BB9600F039DB /* Resources */ = {
			isa = PBXResourcesBuildPhase;
			buildActionMask = 2147483647;
			files = (
				FE10CAEB21D2BB9700F039DB /* LaunchScreen.storyboard in Resources */,
				FE10CAE821D2BB9700F039DB /* Assets.xcassets in Resources */,
			);
			runOnlyForDeploymentPostprocessing = 0;
		};
/* End PBXResourcesBuildPhase section */

/* Begin PBXSourcesBuildPhase section */
		FE10CAD921D2BB9600F039DB /* Sources */ = {
			isa = PBXSourcesBuildPhase;
			buildActionMask = 2147483647;
			files = (
				FE10CAF321D2BBD800F039DB /* WhatsappWebViewController.swift in Sources */,
				FE10CAE121D2BB9600F039DB /* AppDelegate.swift in Sources */,
				FE10CAF721D2BC5C00F039DB /* Constants.swift in Sources */,
			);
			runOnlyForDeploymentPostprocessing = 0;
		};
/* End PBXSourcesBuildPhase section */

/* Begin PBXVariantGroup section */
		FE10CAE921D2BB9700F039DB /* LaunchScreen.storyboard */ = {
			isa = PBXVariantGroup;
			children = (
				FE10CAEA21D2BB9700F039DB /* Base */,
			);
			name = LaunchScreen.storyboard;
			sourceTree = "<group>";
		};
/* End PBXVariantGroup section */

/* Begin XCBuildConfiguration section */
		FE10CAED21D2BB9700F039DB /* Debug */ = {
			isa = XCBuildConfiguration;
			buildSettings = {
				ALWAYS_SEARCH_USER_PATHS = NO;
				CLANG_ANALYZER_NONNULL = YES;
				CLANG_ANALYZER_NUMBER_OBJECT_CONVERSION = YES_AGGRESSIVE;
				CLANG_CXX_LANGUAGE_STANDARD = "gnu++14";
				CLANG_CXX_LIBRARY = "libc++";
				CLANG_ENABLE_MODULES = YES;
				CLANG_ENABLE_OBJC_ARC = YES;
				CLANG_ENABLE_OBJC_WEAK = YES;
				CLANG_WARN_BLOCK_CAPTURE_AUTORELEASING = YES;
				CLANG_WARN_BOOL_CONVERSION = YES;
				CLANG_WARN_COMMA = YES;
				CLANG_WARN_CONSTANT_CONVERSION = YES;
				CLANG_WARN_DEPRECATED_OBJC_IMPLEMENTATIONS = YES;
				CLANG_WARN_DIRECT_OBJC_ISA_USAGE = YES_ERROR;
				CLANG_WARN_DOCUMENTATION_COMMENTS = YES;
				CLANG_WARN_EMPTY_BODY = YES;
				CLANG_WARN_ENUM_CONVERSION = YES;
				CLANG_WARN_INFINITE_RECURSION = YES;
				CLANG_WARN_INT_CONVERSION = YES;
				CLANG_WARN_NON_LITERAL_NULL_CONVERSION = YES;
				CLANG_WARN_OBJC_IMPLICIT_RETAIN_SELF = YES;
				CLANG_WARN_OBJC_LITERAL_CONVERSION = YES;
				CLANG_WARN_OBJC_ROOT_CLASS = YES_ERROR;
				CLANG_WARN_RANGE_LOOP_ANALYSIS = YES;
				CLANG_WARN_STRICT_PROTOTYPES = YES;
				CLANG_WARN_SUSPICIOUS_MOVE = YES;
				CLANG_WARN_UNGUARDED_AVAILABILITY = YES_AGGRESSIVE;
				CLANG_WARN_UNREACHABLE_CODE = YES;
				CLANG_WARN__DUPLICATE_METHOD_MATCH = YES;
				CODE_SIGN_IDENTITY = "iPhone Developer";
				COPY_PHASE_STRIP = NO;
				DEBUG_INFORMATION_FORMAT = dwarf;
				ENABLE_STRICT_OBJC_MSGSEND = YES;
				ENABLE_TESTABILITY = YES;
				GCC_C_LANGUAGE_STANDARD = gnu11;
				GCC_DYNAMIC_NO_PIC = NO;
				GCC_NO_COMMON_BLOCKS = YES;
				GCC_OPTIMIZATION_LEVEL = 0;
				GCC_PREPROCESSOR_DEFINITIONS = (
					"DEBUG=1",
					"$(inherited)",
				);
				GCC_WARN_64_TO_32_BIT_CONVERSION = YES;
				GCC_WARN_ABOUT_RETURN_TYPE = YES_ERROR;
				GCC_WARN_UNDECLARED_SELECTOR = YES;
				GCC_WARN_UNINITIALIZED_AUTOS = YES_AGGRESSIVE;
				GCC_WARN_UNUSED_FUNCTION = YES;
				GCC_WARN_UNUSED_VARIABLE = YES;
				IPHONEOS_DEPLOYMENT_TARGET = 12.1;
				MTL_ENABLE_DEBUG_INFO = INCLUDE_SOURCE;
				MTL_FAST_MATH = YES;
				ONLY_ACTIVE_ARCH = YES;
				SDKROOT = iphoneos;
				SWIFT_ACTIVE_COMPILATION_CONDITIONS = DEBUG;
				SWIFT_OPTIMIZATION_LEVEL = "-Onone";
			};
			name = Debug;
		};
		FE10CAEE21D2BB9700F039DB /* Release */ = {
			isa = XCBuildConfiguration;
			buildSettings = {
				ALWAYS_SEARCH_USER_PATHS = NO;
				CLANG_ANALYZER_NONNULL = YES;
				CLANG_ANALYZER_NUMBER_OBJECT_CONVERSION = YES_AGGRESSIVE;
				CLANG_CXX_LANGUAGE_STANDARD = "gnu++14";
				CLANG_CXX_LIBRARY = "libc++";
				CLANG_ENABLE_MODULES = YES;
				CLANG_ENABLE_OBJC_ARC = YES;
				CLANG_ENABLE_OBJC_WEAK = YES;
				CLANG_WARN_BLOCK_CAPTURE_AUTORELEASING = YES;
				CLANG_WARN_BOOL_CONVERSION = YES;
				CLANG_WARN_COMMA = YES;
				CLANG_WARN_CONSTANT_CONVERSION = YES;
				CLANG_WARN_DEPRECATED_OBJC_IMPLEMENTATIONS = YES;
				CLANG_WARN_DIRECT_OBJC_ISA_USAGE = YES_ERROR;
				CLANG_WARN_DOCUMENTATION_COMMENTS = YES;
				CLANG_WARN_EMPTY_BODY = YES;
				CLANG_WARN_ENUM_CONVERSION = YES;
				CLANG_WARN_INFINITE_RECURSION = YES;
				CLANG_WARN_INT_CONVERSION = YES;
				CLANG_WARN_NON_LITERAL_NULL_CONVERSION = YES;
				CLANG_WARN_OBJC_IMPLICIT_RETAIN_SELF = YES;
				CLANG_WARN_OBJC_LITERAL_CONVERSION = YES;
				CLANG_WARN_OBJC_ROOT_CLASS = YES_ERROR;
				CLANG_WARN_RANGE_LOOP_ANALYSIS = YES;
				CLANG_WARN_STRICT_PROTOTYPES = YES;
				CLANG_WARN_SUSPICIOUS_MOVE = YES;
				CLANG_WARN_UNGUARDED_AVAILABILITY = YES_AGGRESSIVE;
				CLANG_WARN_UNREACHABLE_CODE = YES;
				CLANG_WARN__DUPLICATE_METHOD_MATCH = YES;
				CODE_SIGN_IDENTITY = "iPhone Developer";
				COPY_PHASE_STRIP = NO;
				DEBUG_INFORMATION_FORMAT = "dwarf-with-dsym";
				ENABLE_NS_ASSERTIONS = NO;
				ENABLE_STRICT_OBJC_MSGSEND = YES;
				GCC_C_LANGUAGE_STANDARD = gnu11;
				GCC_NO_COMMON_BLOCKS = YES;
				GCC_WARN_64_TO_32_BIT_CONVERSION = YES;
				GCC_WARN_ABOUT_RETURN_TYPE = YES_ERROR;
				GCC_WARN_UNDECLARED_SELECTOR = YES;
				GCC_WARN_UNINITIALIZED_AUTOS = YES_AGGRESSIVE;
				GCC_WARN_UNUSED_FUNCTION = YES;
				GCC_WARN_UNUSED_VARIABLE = YES;
				IPHONEOS_DEPLOYMENT_TARGET = 12.1;
				MTL_ENABLE_DEBUG_INFO = NO;
				MTL_FAST_MATH = YES;
				SDKROOT = iphoneos;
				SWIFT_COMPILATION_MODE = wholemodule;
				SWIFT_OPTIMIZATION_LEVEL = "-O";
				VALIDATE_PRODUCT = YES;
			};
			name = Release;
		};
		FE10CAF021D2BB9700F039DB /* Debug */ = {
			isa = XCBuildConfiguration;
			buildSettings = {
				ASSETCATALOG_COMPILER_APPICON_NAME = AppIcon;
				CODE_SIGN_STYLE = Manual;
				DEVELOPMENT_TEAM = "";
				INFOPLIST_FILE = Whosapp/Info.plist;
				LD_RUNPATH_SEARCH_PATHS = (
					"$(inherited)",
					"@executable_path/Frameworks",
				);
				PRODUCT_BUNDLE_IDENTIFIER = com.alexfigueroa.Whosapp;
				PRODUCT_NAME = "$(TARGET_NAME)";
				PROVISIONING_PROFILE_SPECIFIER = "";
				SWIFT_VERSION = 4.2;
				TARGETED_DEVICE_FAMILY = "1,2";
			};
			name = Debug;
		};
		FE10CAF121D2BB9700F039DB /* Release */ = {
			isa = XCBuildConfiguration;
			buildSettings = {
				ASSETCATALOG_COMPILER_APPICON_NAME = AppIcon;
				CODE_SIGN_STYLE = Manual;
				DEVELOPMENT_TEAM = "";
				INFOPLIST_FILE = Whosapp/Info.plist;
				LD_RUNPATH_SEARCH_PATHS = (
					"$(inherited)",
					"@executable_path/Frameworks",
				);
				PRODUCT_BUNDLE_IDENTIFIER = com.alexfigueroa.Whosapp;
				PRODUCT_NAME = "$(TARGET_NAME)";
				PROVISIONING_PROFILE_SPECIFIER = "";
				SWIFT_VERSION = 4.2;
				TARGETED_DEVICE_FAMILY = "1,2";
			};
			name = Release;
		};
/* End XCBuildConfiguration section */

/* Begin XCConfigurationList section */
		FE10CAD821D2BB9600F039DB /* Build configuration list for PBXProject "Whosapp" */ = {
			isa = XCConfigurationList;
			buildConfigurations = (
				FE10CAED21D2BB9700F039DB /* Debug */,
				FE10CAEE21D2BB9700F039DB /* Release */,
			);
			defaultConfigurationIsVisible = 0;
			defaultConfigurationName = Release;
		};
		FE10CAEF21D2BB9700F039DB /* Build configuration list for PBXNativeTarget "Whosapp" */ = {
			isa = XCConfigurationList;
			buildConfigurations = (
				FE10CAF021D2BB9700F039DB /* Debug */,
				FE10CAF121D2BB9700F039DB /* Release */,
			);
			defaultConfigurationIsVisible = 0;
			defaultConfigurationName = Release;
		};
/* End XCConfigurationList section */
	};
	rootObject = FE10CAD521D2BB9600F039DB /* Project object */;
}
